
Microsoft Visual Studio Solution File, Format Version 12.00
# Visual Studio 15
VisualStudioVersion = 15.0.27703.2026
MinimumVisualStudioVersion = 10.0.40219.1
Project("{9A19103F-16F7-4668-BE54-9A1E7A4F7556}") = "Talent", "Talent.csproj", "{A6E11B87-F5AC-4A05-9B69-A9C21F4F3FDE}"
EndProject
Global
	GlobalSection(SolutionConfigurationPlatforms) = preSolution
		Debug|Any CPU = Debug|Any CPU
		Release|Any CPU = Release|Any CPU
	EndGlobalSection
	GlobalSection(ProjectConfigurationPlatforms) = postSolution
		{A6E11B87-F5AC-4A05-9B69-A9C21F4F3FDE}.Debug|Any CPU.ActiveCfg = Debug|Any CPU
		{A6E11B87-F5AC-4A05-9B69-A9C21F4F3FDE}.Debug|Any CPU.Build.0 = Debug|Any CPU
		{A6E11B87-F5AC-4A05-9B69-A9C21F4F3FDE}.Release|Any CPU.ActiveCfg = Release|Any CPU
		{A6E11B87-F5AC-4A05-9B69-A9C21F4F3FDE}.Release|Any CPU.Build.0 = Release|Any CPU
	EndGlobalSection
	GlobalSection(SolutionProperties) = preSolution
		HideSolutionNode = FALSE
	EndGlobalSection
	GlobalSection(ExtensibilityGlobals) = postSolution
		SolutionGuid = {20A6C23A-358D-45E8-BEAD-FC4807C351D2}
	EndGlobalSection
EndGlobal
